{
    "_readme": [
        "This file locks the dependencies of your project to a known state",
        "Read more about it at https://getcomposer.org/doc/01-basic-usage.md#installing-dependencies",
        "This file is @generated automatically"
    ],
    "content-hash": "ce810f49ebcf789e9a78a87f4a30df28",
    "packages": [
        {
            "name": "spatie/browsershot",
            "version": "5.2.0",
            "source": {
                "type": "git",
                "url": "https://github.com/spatie/browsershot.git",
                "reference": "9bc6b8d67175810d7a399b2588c3401efe2d02a8"
            },
            "dist": {
                "type": "zip",
                "url": "https://api.github.com/repos/spatie/browsershot/zipball/9bc6b8d67175810d7a399b2588c3401efe2d02a8",
                "reference": "9bc6b8d67175810d7a399b2588c3401efe2d02a8",
                "shasum": ""
            },
            "require": {
                "ext-fileinfo": "*",
                "ext-json": "*",
                "php": "^8.2",
                "spatie/temporary-directory": "^2.0",
                "symfony/process": "^6.0|^7.0|^8.0"
            },
            "require-dev": {
                "pestphp/pest": "^3.0|^4.0",
                "spatie/image": "^3.6",
                "spatie/pdf-to-text": "^1.52",
                "spatie/phpunit-snapshot-assertions": "^5.0"
            },
            "type": "library",
            "autoload": {
                "psr-4": {
                    "Spatie\\Browsershot\\": "src"
                }
            },
            "notification-url": "https://packagist.org/downloads/",
            "license": [
                "MIT"
            ],
            "authors": [
                {
                    "name": "Freek Van der Herten",
                    "email": "freek@spatie.be",
                    "homepage": "https://github.com/freekmurze",
                    "role": "Developer"
                }
            ],
            "description": "Convert a webpage to an image or pdf using headless Chrome",
            "homepage": "https://github.com/spatie/browsershot",
            "keywords": [
                "chrome",
                "convert",
                "headless",
                "image",
                "pdf",
                "puppeteer",
                "screenshot",
                "webpage"
            ],
            "support": {
                "source": "https://github.com/spatie/browsershot/tree/5.2.0"
            },
            "funding": [
                {
                    "url": "https://github.com/spatie",
                    "type": "github"
                }
            ],
            "time": "2025-12-22T10:02:16+00:00"
        },
        {
            "name": "spatie/temporary-directory",
            "version": "2.3.1",
            "source": {
                "type": "git",
                "url": "https://github.com/spatie/temporary-directory.git",
                "reference": "662e481d6ec07ef29fd05010433428851a42cd07"
            },
            "dist": {
                "type": "zip",
                "url": "https://api.github.com/repos/spatie/temporary-directory/zipball/662e481d6ec07ef29fd05010433428851a42cd07",
                "reference": "662e481d6ec07ef29fd05010433428851a42cd07",
                "shasum": ""
            },
            "require": {
                "php": "^8.0"
            },
            "require-dev": {
                "phpunit/phpunit": "^9.5"
            },
            "type": "library",
            "autoload": {
                "psr-4": {
                    "Spatie\\TemporaryDirectory\\": "src"
                }
            },
            "notification-url": "https://packagist.org/downloads/",
            "license": [
                "MIT"
            ],
            "authors": [
                {
                    "name": "Alex Vanderbist",
                    "email": "alex@spatie.be",
                    "homepage": "https://spatie.be",
                    "role": "Developer"
                }
            ],
            "description": "Easily create, use and destroy temporary directories",
            "homepage": "https://github.com/spatie/temporary-directory",
            "keywords": [
                "php",
                "spatie",
                "temporary-directory"
            ],
            "support": {
                "issues": "https://github.com/spatie/temporary-directory/issues",
                "source": "https://github.com/spatie/temporary-directory/tree/2.3.1"
            },
            "funding": [
                {
                    "url": "https://spatie.be/open-source/support-us",
                    "type": "custom"
                },
                {
                    "url": "https://github.com/spatie",
                    "type": "github"
                }
            ],
            "time": "2026-01-12T07:42:22+00:00"
        },
        {
            "name": "symfony/process",
            "version": "v7.4.3",
            "source": {
                "type": "git",
                "url": "https://github.com/symfony/process.git",
                "reference": "2f8e1a6cdf590ca63715da4d3a7a3327404a523f"
            },
            "dist": {
                "type": "zip",
                "url": "https://api.github.com/repos/symfony/process/zipball/2f8e1a6cdf590ca63715da4d3a7a3327404a523f",
                "reference": "2f8e1a6cdf590ca63715da4d3a7a3327404a523f",
                "shasum": ""
            },
            "require": {
                "php": ">=8.2"
            },
            "type": "library",
            "autoload": {
                "psr-4": {
                    "Symfony\\Component\\Process\\": ""
                },
                "exclude-from-classmap": [
                    "/Tests/"
                ]
            },
            "notification-url": "https://packagist.org/downloads/",
            "license": [
                "MIT"
            ],
            "authors": [
                {
                    "name": "Fabien Potencier",
                    "email": "fabien@symfony.com"
                },
                {
                    "name": "Symfony Community",
                    "homepage": "https://symfony.com/contributors"
                }
            ],
            "description": "Executes commands in sub-processes",
            "homepage": "https://symfony.com",
            "support": {
                "source": "https://github.com/symfony/process/tree/v7.4.3"
            },
            "funding": [
                {
                    "url": "https://symfony.com/sponsor",
                    "type": "custom"
                },
                {
                    "url": "https://github.com/fabpot",
                    "type": "github"
                },
                {
                    "url": "https://github.com/nicolas-grekas",
                    "type": "github"
                },
                {
                    "url": "https://tidelift.com/funding/github/packagist/symfony/symfony",
                    "type": "tidelift"
                }
            ],
            "time": "2025-12-19T10:00:43+00:00"
        }
    ],
    "packages-dev": [],
    "aliases": [],
    "minimum-stability": "stable",
    "stability-flags": {},
    "prefer-stable": false,
    "prefer-lowest": false,
    "platform": {},
    "platform-dev": {},
    "plugin-api-version": "2.9.0"
}
